
Microsoft Visual Studio Solution File, Format Version 12.00
# Visual Studio 15
VisualStudioVersion = 15.0.28307.645
MinimumVisualStudioVersion = 10.0.40219.1
Project("{FAE04EC0-301F-11D3-BF4B-00C04F79EFBC}") = "设计模式", "设计模式\设计模式.csproj", "{B39ADF51-B415-4DBF-8017-4C23B9064450}"
EndProject
Global
	GlobalSection(SolutionConfigurationPlatforms) = preSolution
		Debug|Any CPU = Debug|Any CPU
		Release|Any CPU = Release|Any CPU
	EndGlobalSection
	GlobalSection(ProjectConfigurationPlatforms) = postSolution
		{B39ADF51-B415-4DBF-8017-4C23B9064450}.Debug|Any CPU.ActiveCfg = Debug|Any CPU
		{B39ADF51-B415-4DBF-8017-4C23B9064450}.Debug|Any CPU.Build.0 = Debug|Any CPU
		{B39ADF51-B415-4DBF-8017-4C23B9064450}.Release|Any CPU.ActiveCfg = Release|Any CPU
		{B39ADF51-B415-4DBF-8017-4C23B9064450}.Release|Any CPU.Build.0 = Release|Any CPU
	EndGlobalSection
	GlobalSection(SolutionProperties) = preSolution
		HideSolutionNode = FALSE
	EndGlobalSection
	GlobalSection(ExtensibilityGlobals) = postSolution
		SolutionGuid = {2E7DE826-07E2-48E7-ADFB-22B7475DF1E1}
	EndGlobalSection
EndGlobal
